
Microsoft Visual Studio Solution File, Format Version 12.00
# Visual Studio 14
VisualStudioVersion = 14.0.25420.1
MinimumVisualStudioVersion = 10.0.40219.1
Project("{8BC9CEB8-8B4A-11D0-8D11-00A0C91BC942}") = "LosTopos", "MultiTracker.vcxproj", "{7E55D1D8-4649-40ED-B1D9-AD3BACF70BA3}"
EndProject
Project("{8BC9CEB8-8B4A-11D0-8D11-00A0C91BC942}") = "MultiTrackerSim", "..\LosTopos\LosTopos.vcxproj", "{05DB3A49-0874-4D96-9550-0193199D8C51}"
	ProjectSection(ProjectDependencies) = postProject
		{7E55D1D8-4649-40ED-B1D9-AD3BACF70BA3} = {7E55D1D8-4649-40ED-B1D9-AD3BACF70BA3}
	EndProjectSection
EndProject
Project("{8BC9CEB8-8B4A-11D0-8D11-00A0C91BC942}") = "MultiTrackerView", "..\MultiTrackerView\MultiTrackerView.vcxproj", "{965A6601-1ECC-4E1C-A22C-E9F3C64B094A}"
	ProjectSection(ProjectDependencies) = postProject
		{7E55D1D8-4649-40ED-B1D9-AD3BACF70BA3} = {7E55D1D8-4649-40ED-B1D9-AD3BACF70BA3}
	EndProjectSection
EndProject
Global
	GlobalSection(SolutionConfigurationPlatforms) = preSolution
		Debug|Mixed Platforms = Debug|Mixed Platforms
		Debug|Win32 = Debug|Win32
		Debug|x64 = Debug|x64
		Release|Mixed Platforms = Release|Mixed Platforms
		Release|Win32 = Release|Win32
		Release|x64 = Release|x64
	EndGlobalSection
	GlobalSection(ProjectConfigurationPlatforms) = postSolution
		{7E55D1D8-4649-40ED-B1D9-AD3BACF70BA3}.Debug|Mixed Platforms.ActiveCfg = Debug|Win32
		{7E55D1D8-4649-40ED-B1D9-AD3BACF70BA3}.Debug|Mixed Platforms.Build.0 = Debug|Win32
		{7E55D1D8-4649-40ED-B1D9-AD3BACF70BA3}.Debug|Win32.ActiveCfg = Release|x64
		{7E55D1D8-4649-40ED-B1D9-AD3BACF70BA3}.Debug|Win32.Build.0 = Release|x64
		{7E55D1D8-4649-40ED-B1D9-AD3BACF70BA3}.Debug|x64.ActiveCfg = Debug|x64
		{7E55D1D8-4649-40ED-B1D9-AD3BACF70BA3}.Debug|x64.Build.0 = Debug|x64
		{7E55D1D8-4649-40ED-B1D9-AD3BACF70BA3}.Release|Mixed Platforms.ActiveCfg = Release|Win32
		{7E55D1D8-4649-40ED-B1D9-AD3BACF70BA3}.Release|Mixed Platforms.Build.0 = Release|Win32
		{7E55D1D8-4649-40ED-B1D9-AD3BACF70BA3}.Release|Win32.ActiveCfg = Release|Win32
		{7E55D1D8-4649-40ED-B1D9-AD3BACF70BA3}.Release|Win32.Build.0 = Release|Win32
		{7E55D1D8-4649-40ED-B1D9-AD3BACF70BA3}.Release|x64.ActiveCfg = Release|x64
		{7E55D1D8-4649-40ED-B1D9-AD3BACF70BA3}.Release|x64.Build.0 = Release|x64
		{05DB3A49-0874-4D96-9550-0193199D8C51}.Debug|Mixed Platforms.ActiveCfg = Debug|Win32
		{05DB3A49-0874-4D96-9550-0193199D8C51}.Debug|Mixed Platforms.Build.0 = Debug|Win32
		{05DB3A49-0874-4D96-9550-0193199D8C51}.Debug|Win32.ActiveCfg = Release|x64
		{05DB3A49-0874-4D96-9550-0193199D8C51}.Debug|Win32.Build.0 = Release|x64
		{05DB3A49-0874-4D96-9550-0193199D8C51}.Debug|x64.ActiveCfg = Debug|x64
		{05DB3A49-0874-4D96-9550-0193199D8C51}.Debug|x64.Build.0 = Debug|x64
		{05DB3A49-0874-4D96-9550-0193199D8C51}.Release|Mixed Platforms.ActiveCfg = Release|Win32
		{05DB3A49-0874-4D96-9550-0193199D8C51}.Release|Mixed Platforms.Build.0 = Release|Win32
		{05DB3A49-0874-4D96-9550-0193199D8C51}.Release|Win32.ActiveCfg = Release|Win32
		{05DB3A49-0874-4D96-9550-0193199D8C51}.Release|Win32.Build.0 = Release|Win32
		{05DB3A49-0874-4D96-9550-0193199D8C51}.Release|x64.ActiveCfg = Release|x64
		{05DB3A49-0874-4D96-9550-0193199D8C51}.Release|x64.Build.0 = Release|x64
		{965A6601-1ECC-4E1C-A22C-E9F3C64B094A}.Debug|Mixed Platforms.ActiveCfg = Debug|Win32
		{965A6601-1ECC-4E1C-A22C-E9F3C64B094A}.Debug|Mixed Platforms.Build.0 = Debug|Win32
		{965A6601-1ECC-4E1C-A22C-E9F3C64B094A}.Debug|Win32.ActiveCfg = Debug|Win32
		{965A6601-1ECC-4E1C-A22C-E9F3C64B094A}.Debug|Win32.Build.0 = Debug|Win32
		{965A6601-1ECC-4E1C-A22C-E9F3C64B094A}.Debug|x64.ActiveCfg = Debug|Win32
		{965A6601-1ECC-4E1C-A22C-E9F3C64B094A}.Release|Mixed Platforms.ActiveCfg = Release|Win32
		{965A6601-1ECC-4E1C-A22C-E9F3C64B094A}.Release|Mixed Platforms.Build.0 = Release|Win32
		{965A6601-1ECC-4E1C-A22C-E9F3C64B094A}.Release|Win32.ActiveCfg = Release|Win32
		{965A6601-1ECC-4E1C-A22C-E9F3C64B094A}.Release|Win32.Build.0 = Release|Win32
		{965A6601-1ECC-4E1C-A22C-E9F3C64B094A}.Release|x64.ActiveCfg = Release|x64
		{965A6601-1ECC-4E1C-A22C-E9F3C64B094A}.Release|x64.Build.0 = Release|x64
	EndGlobalSection
	GlobalSection(SolutionProperties) = preSolution
		HideSolutionNode = FALSE
	EndGlobalSection
EndGlobal
